
Microsoft Visual Studio Solution File, Format Version 12.00
# Visual Studio Version 17
VisualStudioVersion = 17.0.32126.317
MinimumVisualStudioVersion = 10.0.40219.1
Project("{FAE04EC0-301F-11D3-BF4B-00C04F79EFBC}") = "cSharp_imgViewer", "cSharp_imgViewer\cSharp_imgViewer.csproj", "{9CD4CABE-2146-41A3-AB82-37FF253A8870}"
EndProject
Global
	GlobalSection(SolutionConfigurationPlatforms) = preSolution
		Debug|Any CPU = Debug|Any CPU
		Release|Any CPU = Release|Any CPU
	EndGlobalSection
	GlobalSection(ProjectConfigurationPlatforms) = postSolution
		{9CD4CABE-2146-41A3-AB82-37FF253A8870}.Debug|Any CPU.ActiveCfg = Debug|Any CPU
		{9CD4CABE-2146-41A3-AB82-37FF253A8870}.Debug|Any CPU.Build.0 = Debug|Any CPU
		{9CD4CABE-2146-41A3-AB82-37FF253A8870}.Release|Any CPU.ActiveCfg = Release|Any CPU
		{9CD4CABE-2146-41A3-AB82-37FF253A8870}.Release|Any CPU.Build.0 = Release|Any CPU
	EndGlobalSection
	GlobalSection(SolutionProperties) = preSolution
		HideSolutionNode = FALSE
	EndGlobalSection
	GlobalSection(ExtensibilityGlobals) = postSolution
		SolutionGuid = {DD0D6609-8FE5-4F4B-BAE2-69CF1AEE9667}
	EndGlobalSection
EndGlobal
